
Microsoft Visual Studio Solution File, Format Version 12.00
# Visual Studio 14
VisualStudioVersion = 14.0.25420.1
MinimumVisualStudioVersion = 10.0.40219.1
Project("{FAE04EC0-301F-11D3-BF4B-00C04F79EFBC}") = "Class23_DateTime_Enum", "Class23_DateTime_Enum\Class23_DateTime_Enum.csproj", "{F2240C49-031B-41DA-B3DA-319DA4B5EA5D}"
EndProject
Project("{FAE04EC0-301F-11D3-BF4B-00C04F79EFBC}") = "Enumerations_Example", "Enumerations_Example\Enumerations_Example.csproj", "{FDF0955B-81A3-4FB8-B91A-E3F517E5F646}"
EndProject
Global
	GlobalSection(SolutionConfigurationPlatforms) = preSolution
		Debug|Any CPU = Debug|Any CPU
		Release|Any CPU = Release|Any CPU
	EndGlobalSection
	GlobalSection(ProjectConfigurationPlatforms) = postSolution
		{F2240C49-031B-41DA-B3DA-319DA4B5EA5D}.Debug|Any CPU.ActiveCfg = Debug|Any CPU
		{F2240C49-031B-41DA-B3DA-319DA4B5EA5D}.Debug|Any CPU.Build.0 = Debug|Any CPU
		{F2240C49-031B-41DA-B3DA-319DA4B5EA5D}.Release|Any CPU.ActiveCfg = Release|Any CPU
		{F2240C49-031B-41DA-B3DA-319DA4B5EA5D}.Release|Any CPU.Build.0 = Release|Any CPU
		{FDF0955B-81A3-4FB8-B91A-E3F517E5F646}.Debug|Any CPU.ActiveCfg = Debug|Any CPU
		{FDF0955B-81A3-4FB8-B91A-E3F517E5F646}.Debug|Any CPU.Build.0 = Debug|Any CPU
		{FDF0955B-81A3-4FB8-B91A-E3F517E5F646}.Release|Any CPU.ActiveCfg = Release|Any CPU
		{FDF0955B-81A3-4FB8-B91A-E3F517E5F646}.Release|Any CPU.Build.0 = Release|Any CPU
	EndGlobalSection
	GlobalSection(SolutionProperties) = preSolution
		HideSolutionNode = FALSE
	EndGlobalSection
EndGlobal
